
Microsoft Visual Studio Solution File, Format Version 12.00
# Visual Studio 15
VisualStudioVersion = 15.0.28307.421
MinimumVisualStudioVersion = 10.0.40219.1
Project("{8BC9CEB8-8B4A-11D0-8D11-00A0C91BC942}") = "01-Introduction", "01-Introduction\01-Introduction.vcxproj", "{97BFF7DD-CFF8-4416-98E6-AB6F0E5EF326}"
EndProject
Project("{8BC9CEB8-8B4A-11D0-8D11-00A0C91BC942}") = "02-3dScene", "02-3dScene\02-3dScene.vcxproj", "{7D6F301C-F3C5-48A9-B86A-DE611766E5F5}"
EndProject
Project("{8BC9CEB8-8B4A-11D0-8D11-00A0C91BC942}") = "03-DepthBuffer", "03-DepthBuffer\03-DepthBuffer.vcxproj", "{E1B6CFFA-DC1D-4F17-BB20-F492B2CB25E7}"
EndProject
Project("{8BC9CEB8-8B4A-11D0-8D11-00A0C91BC942}") = "04-Texturing", "04-Texturing\04-Texturing.vcxproj", "{46618099-AF15-4339-8EB6-280D3CCAA4F7}"
EndProject
Project("{8BC9CEB8-8B4A-11D0-8D11-00A0C91BC942}") = "05-Instancing", "05-Instancing\05-Instancing.vcxproj", "{8253F50B-C837-4E64-B24D-7CDE7771B43E}"
EndProject
Project("{8BC9CEB8-8B4A-11D0-8D11-00A0C91BC942}") = "06-Shading", "06-Shading\06-Shading.vcxproj", "{2953C70A-8005-4256-BB35-5185FE962104}"
EndProject
Project("{8BC9CEB8-8B4A-11D0-8D11-00A0C91BC942}") = "07-ShadowVolumes", "07-ShadowVolumes\07-ShadowVolumes.vcxproj", "{BEB313AC-045A-4F9B-84AE-540BE1D471A0}"
EndProject
Project("{8BC9CEB8-8B4A-11D0-8D11-00A0C91BC942}") = "08-Flocking", "08-Flocking\08-Flocking.vcxproj", "{5E1B0F04-BE42-426F-8150-760727082DB6}"
EndProject
Global
	GlobalSection(SolutionConfigurationPlatforms) = preSolution
		Debug|x64 = Debug|x64
		Debug|x86 = Debug|x86
		Release|x64 = Release|x64
		Release|x86 = Release|x86
	EndGlobalSection
	GlobalSection(ProjectConfigurationPlatforms) = postSolution
		{97BFF7DD-CFF8-4416-98E6-AB6F0E5EF326}.Debug|x64.ActiveCfg = Debug|x64
		{97BFF7DD-CFF8-4416-98E6-AB6F0E5EF326}.Debug|x64.Build.0 = Debug|x64
		{97BFF7DD-CFF8-4416-98E6-AB6F0E5EF326}.Debug|x86.ActiveCfg = Debug|Win32
		{97BFF7DD-CFF8-4416-98E6-AB6F0E5EF326}.Debug|x86.Build.0 = Debug|Win32
		{97BFF7DD-CFF8-4416-98E6-AB6F0E5EF326}.Release|x64.ActiveCfg = Release|x64
		{97BFF7DD-CFF8-4416-98E6-AB6F0E5EF326}.Release|x64.Build.0 = Release|x64
		{97BFF7DD-CFF8-4416-98E6-AB6F0E5EF326}.Release|x86.ActiveCfg = Release|Win32
		{97BFF7DD-CFF8-4416-98E6-AB6F0E5EF326}.Release|x86.Build.0 = Release|Win32
		{7D6F301C-F3C5-48A9-B86A-DE611766E5F5}.Debug|x64.ActiveCfg = Debug|x64
		{7D6F301C-F3C5-48A9-B86A-DE611766E5F5}.Debug|x64.Build.0 = Debug|x64
		{7D6F301C-F3C5-48A9-B86A-DE611766E5F5}.Debug|x86.ActiveCfg = Debug|Win32
		{7D6F301C-F3C5-48A9-B86A-DE611766E5F5}.Debug|x86.Build.0 = Debug|Win32
		{7D6F301C-F3C5-48A9-B86A-DE611766E5F5}.Release|x64.ActiveCfg = Release|x64
		{7D6F301C-F3C5-48A9-B86A-DE611766E5F5}.Release|x64.Build.0 = Release|x64
		{7D6F301C-F3C5-48A9-B86A-DE611766E5F5}.Release|x86.ActiveCfg = Release|Win32
		{7D6F301C-F3C5-48A9-B86A-DE611766E5F5}.Release|x86.Build.0 = Release|Win32
		{E1B6CFFA-DC1D-4F17-BB20-F492B2CB25E7}.Debug|x64.ActiveCfg = Debug|x64
		{E1B6CFFA-DC1D-4F17-BB20-F492B2CB25E7}.Debug|x64.Build.0 = Debug|x64
		{E1B6CFFA-DC1D-4F17-BB20-F492B2CB25E7}.Debug|x86.ActiveCfg = Debug|Win32
		{E1B6CFFA-DC1D-4F17-BB20-F492B2CB25E7}.Debug|x86.Build.0 = Debug|Win32
		{E1B6CFFA-DC1D-4F17-BB20-F492B2CB25E7}.Release|x64.ActiveCfg = Release|x64
		{E1B6CFFA-DC1D-4F17-BB20-F492B2CB25E7}.Release|x64.Build.0 = Release|x64
		{E1B6CFFA-DC1D-4F17-BB20-F492B2CB25E7}.Release|x86.ActiveCfg = Release|Win32
		{E1B6CFFA-DC1D-4F17-BB20-F492B2CB25E7}.Release|x86.Build.0 = Release|Win32
		{46618099-AF15-4339-8EB6-280D3CCAA4F7}.Debug|x64.ActiveCfg = Debug|x64
		{46618099-AF15-4339-8EB6-280D3CCAA4F7}.Debug|x64.Build.0 = Debug|x64
		{46618099-AF15-4339-8EB6-280D3CCAA4F7}.Debug|x86.ActiveCfg = Debug|Win32
		{46618099-AF15-4339-8EB6-280D3CCAA4F7}.Debug|x86.Build.0 = Debug|Win32
		{46618099-AF15-4339-8EB6-280D3CCAA4F7}.Release|x64.ActiveCfg = Release|x64
		{46618099-AF15-4339-8EB6-280D3CCAA4F7}.Release|x64.Build.0 = Release|x64
		{46618099-AF15-4339-8EB6-280D3CCAA4F7}.Release|x86.ActiveCfg = Release|Win32
		{46618099-AF15-4339-8EB6-280D3CCAA4F7}.Release|x86.Build.0 = Release|Win32
		{8253F50B-C837-4E64-B24D-7CDE7771B43E}.Debug|x64.ActiveCfg = Debug|x64
		{8253F50B-C837-4E64-B24D-7CDE7771B43E}.Debug|x64.Build.0 = Debug|x64
		{8253F50B-C837-4E64-B24D-7CDE7771B43E}.Debug|x86.ActiveCfg = Debug|Win32
		{8253F50B-C837-4E64-B24D-7CDE7771B43E}.Debug|x86.Build.0 = Debug|Win32
		{8253F50B-C837-4E64-B24D-7CDE7771B43E}.Release|x64.ActiveCfg = Release|x64
		{8253F50B-C837-4E64-B24D-7CDE7771B43E}.Release|x64.Build.0 = Release|x64
		{8253F50B-C837-4E64-B24D-7CDE7771B43E}.Release|x86.ActiveCfg = Release|Win32
		{8253F50B-C837-4E64-B24D-7CDE7771B43E}.Release|x86.Build.0 = Release|Win32
		{2953C70A-8005-4256-BB35-5185FE962104}.Debug|x64.ActiveCfg = Debug|x64
		{2953C70A-8005-4256-BB35-5185FE962104}.Debug|x64.Build.0 = Debug|x64
		{2953C70A-8005-4256-BB35-5185FE962104}.Debug|x86.ActiveCfg = Debug|Win32
		{2953C70A-8005-4256-BB35-5185FE962104}.Debug|x86.Build.0 = Debug|Win32
		{2953C70A-8005-4256-BB35-5185FE962104}.Release|x64.ActiveCfg = Release|x64
		{2953C70A-8005-4256-BB35-5185FE962104}.Release|x64.Build.0 = Release|x64
		{2953C70A-8005-4256-BB35-5185FE962104}.Release|x86.ActiveCfg = Release|Win32
		{2953C70A-8005-4256-BB35-5185FE962104}.Release|x86.Build.0 = Release|Win32
		{BEB313AC-045A-4F9B-84AE-540BE1D471A0}.Debug|x64.ActiveCfg = Debug|x64
		{BEB313AC-045A-4F9B-84AE-540BE1D471A0}.Debug|x64.Build.0 = Debug|x64
		{BEB313AC-045A-4F9B-84AE-540BE1D471A0}.Debug|x86.ActiveCfg = Debug|Win32
		{BEB313AC-045A-4F9B-84AE-540BE1D471A0}.Debug|x86.Build.0 = Debug|Win32
		{BEB313AC-045A-4F9B-84AE-540BE1D471A0}.Release|x64.ActiveCfg = Release|x64
		{BEB313AC-045A-4F9B-84AE-540BE1D471A0}.Release|x64.Build.0 = Release|x64
		{BEB313AC-045A-4F9B-84AE-540BE1D471A0}.Release|x86.ActiveCfg = Release|Win32
		{BEB313AC-045A-4F9B-84AE-540BE1D471A0}.Release|x86.Build.0 = Release|Win32
		{5E1B0F04-BE42-426F-8150-760727082DB6}.Debug|x64.ActiveCfg = Debug|x64
		{5E1B0F04-BE42-426F-8150-760727082DB6}.Debug|x64.Build.0 = Debug|x64
		{5E1B0F04-BE42-426F-8150-760727082DB6}.Debug|x86.ActiveCfg = Debug|Win32
		{5E1B0F04-BE42-426F-8150-760727082DB6}.Debug|x86.Build.0 = Debug|Win32
		{5E1B0F04-BE42-426F-8150-760727082DB6}.Release|x64.ActiveCfg = Release|x64
		{5E1B0F04-BE42-426F-8150-760727082DB6}.Release|x64.Build.0 = Release|x64
		{5E1B0F04-BE42-426F-8150-760727082DB6}.Release|x86.ActiveCfg = Release|Win32
		{5E1B0F04-BE42-426F-8150-760727082DB6}.Release|x86.Build.0 = Release|Win32
	EndGlobalSection
	GlobalSection(SolutionProperties) = preSolution
		HideSolutionNode = FALSE
	EndGlobalSection
	GlobalSection(ExtensibilityGlobals) = postSolution
		SolutionGuid = {5FB3EDB5-4E6A-4E57-BF99-8E4DB6A83531}
	EndGlobalSection
EndGlobal
